
Microsoft Visual Studio Solution File, Format Version 12.00
# Visual Studio Version 17
VisualStudioVersion = 17.12.35707.178 d17.12
MinimumVisualStudioVersion = 10.0.40219.1
Project("{FAE04EC0-301F-11D3-BF4B-00C04F79EFBC}") = "StackImplemintation", "StackImplemintation\StackImplemintation.csproj", "{44BCCCC7-5933-4E46-B356-0860CB19DB8E}"
EndProject
Project("{FAE04EC0-301F-11D3-BF4B-00C04F79EFBC}") = "Application", "Application\Application.csproj", "{03991CCC-FD2E-474A-92F0-DAF6B108F227}"
EndProject
Global
	GlobalSection(SolutionConfigurationPlatforms) = preSolution
		Debug|Any CPU = Debug|Any CPU
		Release|Any CPU = Release|Any CPU
	EndGlobalSection
	GlobalSection(ProjectConfigurationPlatforms) = postSolution
		{44BCCCC7-5933-4E46-B356-0860CB19DB8E}.Debug|Any CPU.ActiveCfg = Debug|Any CPU
		{44BCCCC7-5933-4E46-B356-0860CB19DB8E}.Debug|Any CPU.Build.0 = Debug|Any CPU
		{44BCCCC7-5933-4E46-B356-0860CB19DB8E}.Release|Any CPU.ActiveCfg = Release|Any CPU
		{44BCCCC7-5933-4E46-B356-0860CB19DB8E}.Release|Any CPU.Build.0 = Release|Any CPU
		{03991CCC-FD2E-474A-92F0-DAF6B108F227}.Debug|Any CPU.ActiveCfg = Debug|Any CPU
		{03991CCC-FD2E-474A-92F0-DAF6B108F227}.Debug|Any CPU.Build.0 = Debug|Any CPU
		{03991CCC-FD2E-474A-92F0-DAF6B108F227}.Release|Any CPU.ActiveCfg = Release|Any CPU
		{03991CCC-FD2E-474A-92F0-DAF6B108F227}.Release|Any CPU.Build.0 = Release|Any CPU
	EndGlobalSection
	GlobalSection(SolutionProperties) = preSolution
		HideSolutionNode = FALSE
	EndGlobalSection
EndGlobal
